
Microsoft Visual Studio Solution File, Format Version 12.00
# Visual Studio Version 17
VisualStudioVersion = 17.2.32602.215
MinimumVisualStudioVersion = 10.0.40219.1
Project("{FAE04EC0-301F-11D3-BF4B-00C04F79EFBC}") = "SubNetTutorial1", "SubNetTutorial1\SubNetTutorial1.csproj", "{628AC222-68B3-4466-A677-529FE1F44EDC}"
EndProject
Global
	GlobalSection(SolutionConfigurationPlatforms) = preSolution
		Debug|Any CPU = Debug|Any CPU
		Release|Any CPU = Release|Any CPU
	EndGlobalSection
	GlobalSection(ProjectConfigurationPlatforms) = postSolution
		{628AC222-68B3-4466-A677-529FE1F44EDC}.Debug|Any CPU.ActiveCfg = Debug|Any CPU
		{628AC222-68B3-4466-A677-529FE1F44EDC}.Debug|Any CPU.Build.0 = Debug|Any CPU
		{628AC222-68B3-4466-A677-529FE1F44EDC}.Release|Any CPU.ActiveCfg = Release|Any CPU
		{628AC222-68B3-4466-A677-529FE1F44EDC}.Release|Any CPU.Build.0 = Release|Any CPU
	EndGlobalSection
	GlobalSection(SolutionProperties) = preSolution
		HideSolutionNode = FALSE
	EndGlobalSection
	GlobalSection(ExtensibilityGlobals) = postSolution
		SolutionGuid = {4B6334B1-1813-407B-BAF7-21220DC01ED7}
	EndGlobalSection
EndGlobal
